
Microsoft Visual Studio Solution File, Format Version 12.00
# Visual Studio Version 17
VisualStudioVersion = 17.7.34024.191
MinimumVisualStudioVersion = 10.0.40219.1
Project("{FAE04EC0-301F-11D3-BF4B-00C04F79EFBC}") = "Webapp1", "Webapp1.csproj", "{E9A8188B-7408-43A3-9D95-B398CBF11A77}"
EndProject
Global
	GlobalSection(SolutionConfigurationPlatforms) = preSolution
		Debug|Any CPU = Debug|Any CPU
		Release|Any CPU = Release|Any CPU
	EndGlobalSection
	GlobalSection(ProjectConfigurationPlatforms) = postSolution
		{E9A8188B-7408-43A3-9D95-B398CBF11A77}.Debug|Any CPU.ActiveCfg = Debug|Any CPU
		{E9A8188B-7408-43A3-9D95-B398CBF11A77}.Debug|Any CPU.Build.0 = Debug|Any CPU
		{E9A8188B-7408-43A3-9D95-B398CBF11A77}.Release|Any CPU.ActiveCfg = Release|Any CPU
		{E9A8188B-7408-43A3-9D95-B398CBF11A77}.Release|Any CPU.Build.0 = Release|Any CPU
	EndGlobalSection
	GlobalSection(SolutionProperties) = preSolution
		HideSolutionNode = FALSE
	EndGlobalSection
	GlobalSection(ExtensibilityGlobals) = postSolution
		SolutionGuid = {0D2BC439-D98F-4C8A-A139-86D233DF638E}
	EndGlobalSection
EndGlobal
